{
  "version": "5",
  "specifiers": {
    "jsr:@supabase/supabase-js@2": "2.108.2"
  },
  "jsr": {
    "@supabase/supabase-js@2.108.2": {
      "integrity": "db603b534b1939a216ef004fe9fdd0c72bb4ba097fb04be23ea76cb8c70272aa"
    }
  },
  "redirects": {
    "https://esm.sh/@supabase/supabase-js@2": "https://esm.sh/@supabase/supabase-js@2.88.0"
  },
  "remote": {
    "https://deno.land/std@0.177.1/_util/asserts.ts": "178dfc49a464aee693a7e285567b3d0b555dc805ff490505a8aae34f9cfb1462",
    "https://deno.land/std@0.177.1/_util/os.ts": "d932f56d41e4f6a6093d56044e29ce637f8dcc43c5a90af43504a889cf1775e3",
    "https://deno.land/std@0.177.1/async/abortable.ts": "73acfb3ed7261ce0d930dbe89e43db8d34e017b063cf0eaa7d215477bf53442e",
    "https://deno.land/std@0.177.1/async/deadline.ts": "c5facb0b404eede83e38bd2717ea8ab34faa2ffb20ef87fd261fcba32ba307aa",
    "https://deno.land/std@0.177.1/async/debounce.ts": "adab11d04ca38d699444ac8a9d9856b4155e8dda2afd07ce78276c01ea5a4332",
    "https://deno.land/std@0.177.1/async/deferred.ts": "42790112f36a75a57db4a96d33974a936deb7b04d25c6084a9fa8a49f135def8",
    "https://deno.land/std@0.177.1/async/delay.ts": "73aa04cec034c84fc748c7be49bb15cac3dd43a57174bfdb7a4aec22c248f0dd",
    "https://deno.land/std@0.177.1/async/mod.ts": "f04344fa21738e5ad6bea37a6bfffd57c617c2d372bb9f9dcfd118a1b622e576",
    "https://deno.land/std@0.177.1/async/mux_async_iterator.ts": "70c7f2ee4e9466161350473ad61cac0b9f115cff4c552eaa7ef9d50c4cbb4cc9",
    "https://deno.land/std@0.177.1/async/pool.ts": "fd082bd4aaf26445909889435a5c74334c017847842ec035739b4ae637ae8260",
    "https://deno.land/std@0.177.1/async/retry.ts": "5efa3ba450ac0c07a40a82e2df296287b5013755d232049efd7ea2244f15b20f",
    "https://deno.land/std@0.177.1/async/tee.ts": "47e42d35f622650b02234d43803d0383a89eb4387e1b83b5a40106d18ae36757",
    "https://deno.land/std@0.177.1/bytes/index_of_needle.ts": "65c939607df609374c4415598fa4dad04a2f14c4d98cd15775216f0aaf597f24",
    "https://deno.land/std@0.177.1/crypto/timing_safe_equal.ts": "8d69ab611c67fe51b6127d97fcfb4d8e7d0e1b6b4f3e0cc4ab86744c3691f965",
    "https://deno.land/std@0.177.1/encoding/base64.ts": "7de04c2f8aeeb41453b09b186480be90f2ff357613b988e99fabb91d2eeceba1",
    "https://deno.land/std@0.177.1/encoding/base64url.ts": "3f1178f6446834457b16bfde8b559c1cd3481727fe384d3385e4a9995dc2d851",
    "https://deno.land/std@0.177.1/flags/mod.ts": "d1cdefa18472ef69858a17df5cf7c98445ed27ac10e1460183081303b0ebc270",
    "https://deno.land/std@0.177.1/node/_core.ts": "9a58c0ef98ee77e9b8fcc405511d1b37a003a705eb6a9b6e95f75434d8009adc",
    "https://deno.land/std@0.177.1/node/_events.mjs": "d4ba4e629abe3db9f1b14659fd5c282b7da8b2b95eaf13238eee4ebb142a2448",
    "https://deno.land/std@0.177.1/node/_next_tick.ts": "9a3cf107d59b019a355d3cf32275b4c6157282e4b68ea85b46a799cb1d379305",
    "https://deno.land/std@0.177.1/node/_process/exiting.ts": "6e336180aaabd1192bf99ffeb0d14b689116a3dec1dfb34a2afbacd6766e98ab",
    "https://deno.land/std@0.177.1/node/_process/process.ts": "c96bb1f6253824c372f4866ee006dcefda02b7050d46759736e403f862d91051",
    "https://deno.land/std@0.177.1/node/_process/stdio.mjs": "cf17727eac8da3a665851df700b5aca6a12bacc3ebbf33e63e4b919f80ba44a6",
    "https://deno.land/std@0.177.1/node/_process/streams.mjs": "408777fba99580567f3ee82ee584ca79012cc550f8dacb8c5ec633b58cd0c1ca",
    "https://deno.land/std@0.177.1/node/_stream.mjs": "d6e2c86c1158ac65b4c2ca4fa019d7e84374ff12e21e2175345fe68c0823efe3",
    "https://deno.land/std@0.177.1/node/_utils.ts": "7fd55872a0cf9275e3c080a60e2fa6d45b8de9e956ebcde9053e72a344185884",
    "https://deno.land/std@0.177.1/node/buffer.ts": "85617be2063eccaf177dbb84c7580d1e32023724ed14bd9df4e453b152a26167",
    "https://deno.land/std@0.177.1/node/events.ts": "d2de352d509de11a375e2cb397d6b98f5fed4e562fc1d41be33214903a38e6b0",
    "https://deno.land/std@0.177.1/node/internal/buffer.mjs": "e92303a3cc6d9aaabcd270a937ad9319825d9ba08cb332650944df4562029b27",
    "https://deno.land/std@0.177.1/node/internal/crypto/_keys.ts": "8f3c3b5a141aa0331a53c205e9338655f1b3b307a08085fd6ff6dda6f7c4190b",
    "https://deno.land/std@0.177.1/node/internal/crypto/constants.ts": "544d605703053218499b08214f2e25cf4310651d535b7ab995891c4b7a217693",
    "https://deno.land/std@0.177.1/node/internal/error_codes.ts": "8495e33f448a484518d76fa3d41d34fc20fe03c14b30130ad8e936b0035d4b8b",
    "https://deno.land/std@0.177.1/node/internal/errors.ts": "1c699b8a3cb93174f697a348c004b1c6d576b66688eac8a48ebb78e65c720aae",
    "https://deno.land/std@0.177.1/node/internal/fixed_queue.ts": "62bb119afa5b5ae8fc0c7048b50502347bec82e2588017d0b250c4671d6eff8f",
    "https://deno.land/std@0.177.1/node/internal/hide_stack_frames.ts": "9dd1bad0a6e62a1042ce3a51eb1b1ecee2f246907bff44835f86e8f021de679a",
    "https://deno.land/std@0.177.1/node/internal/net.ts": "5538d31b595ac63d4b3e90393168bc65ace2f332c3317cffa2fd780070b2d86c",
    "https://deno.land/std@0.177.1/node/internal/normalize_encoding.mjs": "fd1d9df61c44d7196432f6e8244621468715131d18cc79cd299fc78ac549f707",
    "https://deno.land/std@0.177.1/node/internal/options.ts": "888f267c3fe8f18dc7b2f2fbdbe7e4a0fd3302ff3e99f5d6645601e924f3e3fb",
    "https://deno.land/std@0.177.1/node/internal/primordials.mjs": "a72d86b5aa55d3d50b8e916b6a59b7cc0dc5a31da8937114b4a113ad5aa08c74",
    "https://deno.land/std@0.177.1/node/internal/process/per_thread.mjs": "10142bbb13978c2f8f79778ad90f3a67a8ea6d8d2970f3dfc6bf2c6fff0162a2",
    "https://deno.land/std@0.177.1/node/internal/readline/callbacks.mjs": "bdb129b140c3b21b5e08cdc3d8e43517ad818ac03f75197338d665cca1cbaed3",
    "https://deno.land/std@0.177.1/node/internal/readline/utils.mjs": "c3dbf3a97c01ed14052cca3848f09e2fc24818c1822ceed57c33b9f0840f3b87",
    "https://deno.land/std@0.177.1/node/internal/streams/destroy.mjs": "b665fc71178919a34ddeac8389d162a81b4bc693ff7dc2557fa41b3a91011967",
    "https://deno.land/std@0.177.1/node/internal/streams/end-of-stream.mjs": "a4fb1c2e32d58dff440d4e716e2c4daaa403b3095304a028bb428575cfeed716",
    "https://deno.land/std@0.177.1/node/internal/streams/utils.mjs": "f2fe2e6bdc506da24c758970890cc2a21642045b129dee618bd3827c60dd9e33",
    "https://deno.land/std@0.177.1/node/internal/util.mjs": "f7fe2e1ca5e66f550ad0856b9f5ee4d666f0c071fe212ea7fc7f37cfa81f97a5",
    "https://deno.land/std@0.177.1/node/internal/util/inspect.mjs": "11d7c9cab514b8e485acc3978c74b837263ff9c08ae4537fa18ad56bae633259",
    "https://deno.land/std@0.177.1/node/internal/util/types.ts": "0e587b44ec5e017cf228589fc5ce9983b75beece6c39409c34170cfad49d6417",
    "https://deno.land/std@0.177.1/node/internal/validators.mjs": "e02f2b02dd072a5d623970292588d541204dc82207b4c58985d933a5f4b382e6",
    "https://deno.land/std@0.177.1/node/internal_binding/_libuv_winerror.ts": "30c9569603d4b97a1f1a034d88a3f74800d5ea1f12fcc3d225c9899d4e1a518b",
    "https://deno.land/std@0.177.1/node/internal_binding/_listen.ts": "c6038be47116f7755c01fd98340a0d1e8e66ef874710ab59ed3f5607d50d7a25",
    "https://deno.land/std@0.177.1/node/internal_binding/_node.ts": "cb2389b0eab121df99853eb6a5e3a684e4537e065fb8bf2cca0cbf219ce4e32e",
    "https://deno.land/std@0.177.1/node/internal_binding/_timingSafeEqual.ts": "7d9732464d3c669ff07713868ce5d25bc974a06112edbfb5f017fc3c70c0853e",
    "https://deno.land/std@0.177.1/node/internal_binding/_utils.ts": "7c58a2fbb031a204dee9583ba211cf9c67922112fe77e7f0b3226112469e9fe1",
    "https://deno.land/std@0.177.1/node/internal_binding/_winerror.ts": "3e8cfdfe22e89f13d2b28529bab35155e6b1730c0221ec5a6fc7077dc037be13",
    "https://deno.land/std@0.177.1/node/internal_binding/ares.ts": "bdd34c679265a6c115a8cfdde000656837a0a0dcdb0e4c258e622e136e9c31b8",
    "https://deno.land/std@0.177.1/node/internal_binding/async_wrap.ts": "0dc5ae64eea2c9e57ab17887ef1573922245167ffe38e3685c28d636f487f1b7",
    "https://deno.land/std@0.177.1/node/internal_binding/buffer.ts": "31729e0537921d6c730ad0afea44a7e8a0a1044d070ade8368226cb6f7390c8b",
    "https://deno.land/std@0.177.1/node/internal_binding/cares_wrap.ts": "9b7247772167f8ed56acd0244a232d9d50e8d7c9cfc379f77f3d54cecc2f32ab",
    "https://deno.land/std@0.177.1/node/internal_binding/config.ts": "37d293009d1718205bf28e878e54a9f1ca24c1c320cee2416c20dc054104c6ea",
    "https://deno.land/std@0.177.1/node/internal_binding/connection_wrap.ts": "7dd089ea46de38e4992d0f43a09b586e4cf04878fb06863c1cb8cb2ece7da521",
    "https://deno.land/std@0.177.1/node/internal_binding/constants.ts": "21ff9d1ee71d0a2086541083a7711842fc6ae25e264dbf45c73815aadce06f4c",
    "https://deno.land/std@0.177.1/node/internal_binding/contextify.ts": "37d293009d1718205bf28e878e54a9f1ca24c1c320cee2416c20dc054104c6ea",
    "https://deno.land/std@0.177.1/node/internal_binding/credentials.ts": "37d293009d1718205bf28e878e54a9f1ca24c1c320cee2416c20dc054104c6ea",
    "https://deno.land/std@0.177.1/node/internal_binding/crypto.ts": "29e8f94f283a2e7d4229d3551369c6a40c2af9737fad948cb9be56bef6c468cd",
    "https://deno.land/std@0.177.1/node/internal_binding/errors.ts": "37d293009d1718205bf28e878e54a9f1ca24c1c320cee2416c20dc054104c6ea",
    "https://deno.land/std@0.177.1/node/internal_binding/fs.ts": "37d293009d1718205bf28e878e54a9f1ca24c1c320cee2416c20dc054104c6ea",
    "https://deno.land/std@0.177.1/node/internal_binding/fs_dir.ts": "37d293009d1718205bf28e878e54a9f1ca24c1c320cee2416c20dc054104c6ea",
    "https://deno.land/std@0.177.1/node/internal_binding/fs_event_wrap.ts": "37d293009d1718205bf28e878e54a9f1ca24c1c320cee2416c20dc054104c6ea",
    "https://deno.land/std@0.177.1/node/internal_binding/handle_wrap.ts": "adf0b8063da2c54f26edd5e8ec50296a4d38e42716a70a229f14654b17a071d9",
    "https://deno.land/std@0.177.1/node/internal_binding/heap_utils.ts": "37d293009d1718205bf28e878e54a9f1ca24c1c320cee2416c20dc054104c6ea",
    "https://deno.land/std@0.177.1/node/internal_binding/http_parser.ts": "37d293009d1718205bf28e878e54a9f1ca24c1c320cee2416c20dc054104c6ea",
    "https://deno.land/std@0.177.1/node/internal_binding/icu.ts": "37d293009d1718205bf28e878e54a9f1ca24c1c320cee2416c20dc054104c6ea",
    "https://deno.land/std@0.177.1/node/internal_binding/inspector.ts": "37d293009d1718205bf28e878e54a9f1ca24c1c320cee2416c20dc054104c6ea",
    "https://deno.land/std@0.177.1/node/internal_binding/js_stream.ts": "37d293009d1718205bf28e878e54a9f1ca24c1c320cee2416c20dc054104c6ea",
    "https://deno.land/std@0.177.1/node/internal_binding/messaging.ts": "37d293009d1718205bf28e878e54a9f1ca24c1c320cee2416c20dc054104c6ea",
    "https://deno.land/std@0.177.1/node/internal_binding/mod.ts": "9fc65f7af1d35e2d3557539a558ea9ad7a9954eefafe614ad82d94bddfe25845",
    "https://deno.land/std@0.177.1/node/internal_binding/module_wrap.ts": "37d293009d1718205bf28e878e54a9f1ca24c1c320cee2416c20dc054104c6ea",
    "https://deno.land/std@0.177.1/node/internal_binding/native_module.ts": "37d293009d1718205bf28e878e54a9f1ca24c1c320cee2416c20dc054104c6ea",
    "https://deno.land/std@0.177.1/node/internal_binding/natives.ts": "37d293009d1718205bf28e878e54a9f1ca24c1c320cee2416c20dc054104c6ea",
    "https://deno.land/std@0.177.1/node/internal_binding/node_file.ts": "21edbbc95653e45514aff252b6cae7bf127a4338cbc5f090557d258aa205d8a5",
    "https://deno.land/std@0.177.1/node/internal_binding/node_options.ts": "0b5cb0bf4379a39278d7b7bb6bb2c2751baf428fe437abe5ed3e8441fae1f18b",
    "https://deno.land/std@0.177.1/node/internal_binding/options.ts": "37d293009d1718205bf28e878e54a9f1ca24c1c320cee2416c20dc054104c6ea",
    "https://deno.land/std@0.177.1/node/internal_binding/os.ts": "37d293009d1718205bf28e878e54a9f1ca24c1c320cee2416c20dc054104c6ea",
    "https://deno.land/std@0.177.1/node/internal_binding/performance.ts": "37d293009d1718205bf28e878e54a9f1ca24c1c320cee2416c20dc054104c6ea",
    "https://deno.land/std@0.177.1/node/internal_binding/pipe_wrap.ts": "30e3a63954313f9d5bbc2ac02c7f9be4b1204c493e47f6e1b9c7366994e6ea6d",
    "https://deno.land/std@0.177.1/node/internal_binding/process_methods.ts": "37d293009d1718205bf28e878e54a9f1ca24c1c320cee2416c20dc054104c6ea",
    "https://deno.land/std@0.177.1/node/internal_binding/report.ts": "37d293009d1718205bf28e878e54a9f1ca24c1c320cee2416c20dc054104c6ea",
    "https://deno.land/std@0.177.1/node/internal_binding/serdes.ts": "37d293009d1718205bf28e878e54a9f1ca24c1c320cee2416c20dc054104c6ea",
    "https://deno.land/std@0.177.1/node/internal_binding/signal_wrap.ts": "37d293009d1718205bf28e878e54a9f1ca24c1c320cee2416c20dc054104c6ea",
    "https://deno.land/std@0.177.1/node/internal_binding/spawn_sync.ts": "37d293009d1718205bf28e878e54a9f1ca24c1c320cee2416c20dc054104c6ea",
    "https://deno.land/std@0.177.1/node/internal_binding/stream_wrap.ts": "452bff74d1db280a0cd78c75a95bb6d163e849e06e9638c4af405d40296bd050",
    "https://deno.land/std@0.177.1/node/internal_binding/string_decoder.ts": "54c3c1cbd5a9254881be58bf22637965dc69535483014dab60487e299cb95445",
    "https://deno.land/std@0.177.1/node/internal_binding/symbols.ts": "4dee2f3a400d711fd57fa3430b8de1fdb011e08e260b81fef5b81cc06ed77129",
    "https://deno.land/std@0.177.1/node/internal_binding/task_queue.ts": "37d293009d1718205bf28e878e54a9f1ca24c1c320cee2416c20dc054104c6ea",
    "https://deno.land/std@0.177.1/node/internal_binding/tcp_wrap.ts": "d298d855e862fc9a5c94e13ad982fde99f6d8a56620a4772681b7226f5a15c91",
    "https://deno.land/std@0.177.1/node/internal_binding/timers.ts": "37d293009d1718205bf28e878e54a9f1ca24c1c320cee2416c20dc054104c6ea",
    "https://deno.land/std@0.177.1/node/internal_binding/tls_wrap.ts": "37d293009d1718205bf28e878e54a9f1ca24c1c320cee2416c20dc054104c6ea",
    "https://deno.land/std@0.177.1/node/internal_binding/trace_events.ts": "37d293009d1718205bf28e878e54a9f1ca24c1c320cee2416c20dc054104c6ea",
    "https://deno.land/std@0.177.1/node/internal_binding/tty_wrap.ts": "37d293009d1718205bf28e878e54a9f1ca24c1c320cee2416c20dc054104c6ea",
    "https://deno.land/std@0.177.1/node/internal_binding/types.ts": "2187595a58d2cf0134f4db6cc2a12bf777f452f52b15b6c3aed73fa072aa5fc3",
    "https://deno.land/std@0.177.1/node/internal_binding/udp_wrap.ts": "b77d7024aef1282b9fe6e1f6c8064ab8a7b9ecbae0bc08a36f2b30dcbb1d2752",
    "https://deno.land/std@0.177.1/node/internal_binding/url.ts": "37d293009d1718205bf28e878e54a9f1ca24c1c320cee2416c20dc054104c6ea",
    "https://deno.land/std@0.177.1/node/internal_binding/util.ts": "808ff3b92740284184ab824adfc420e75398c88c8bccf5111f0c24ac18c48f10",
    "https://deno.land/std@0.177.1/node/internal_binding/uv.ts": "eb0048e30af4db407fb3f95563e30d70efd6187051c033713b0a5b768593a3a3",
    "https://deno.land/std@0.177.1/node/internal_binding/v8.ts": "37d293009d1718205bf28e878e54a9f1ca24c1c320cee2416c20dc054104c6ea",
    "https://deno.land/std@0.177.1/node/internal_binding/worker.ts": "37d293009d1718205bf28e878e54a9f1ca24c1c320cee2416c20dc054104c6ea",
    "https://deno.land/std@0.177.1/node/internal_binding/zlib.ts": "37d293009d1718205bf28e878e54a9f1ca24c1c320cee2416c20dc054104c6ea",
    "https://deno.land/std@0.177.1/node/process.ts": "6608012d6d51a17a7346f36079c574b9b9f81f1b5c35436489ad089f39757466",
    "https://deno.land/std@0.177.1/node/stream.ts": "09e348302af40dcc7dc58aa5e40fdff868d11d8d6b0cfb85cbb9c75b9fe450c7",
    "https://deno.land/std@0.177.1/node/string_decoder.ts": "1a17e3572037c512cc5fc4b29076613e90f225474362d18da908cb7e5ccb7e88",
    "https://deno.land/std@0.177.1/path/_constants.ts": "e49961f6f4f48039c0dfed3c3f93e963ca3d92791c9d478ac5b43183413136e0",
    "https://deno.land/std@0.177.1/path/_interface.ts": "6471159dfbbc357e03882c2266d21ef9afdb1e4aa771b0545e90db58a0ba314b",
    "https://deno.land/std@0.177.1/path/_util.ts": "d7abb1e0dea065f427b89156e28cdeb32b045870acdf865833ba808a73b576d0",
    "https://deno.land/std@0.177.1/path/common.ts": "ee7505ab01fd22de3963b64e46cff31f40de34f9f8de1fff6a1bd2fe79380000",
    "https://deno.land/std@0.177.1/path/glob.ts": "d479e0a695621c94d3fd7fe7abd4f9499caf32a8de13f25073451c6ef420a4e1",
    "https://deno.land/std@0.177.1/path/mod.ts": "4b83694ac500d7d31b0cdafc927080a53dc0c3027eb2895790fb155082b0d232",
    "https://deno.land/std@0.177.1/path/posix.ts": "8b7c67ac338714b30c816079303d0285dd24af6b284f7ad63da5b27372a2c94d",
    "https://deno.land/std@0.177.1/path/separator.ts": "0fb679739d0d1d7bf45b68dacfb4ec7563597a902edbaf3c59b50d5bcadd93b1",
    "https://deno.land/std@0.177.1/path/win32.ts": "d186344e5583bcbf8b18af416d13d82b35a317116e6460a5a3953508c3de5bba",
    "https://deno.land/std@0.177.1/streams/write_all.ts": "3b2e1ce44913f966348ce353d02fa5369e94115181037cd8b602510853ec3033",
    "https://deno.land/std@0.224.0/assert/_constants.ts": "a271e8ef5a573f1df8e822a6eb9d09df064ad66a4390f21b3e31f820a38e0975",
    "https://deno.land/std@0.224.0/assert/assert.ts": "09d30564c09de846855b7b071e62b5974b001bb72a4b797958fe0660e7849834",
    "https://deno.land/std@0.224.0/assert/assert_almost_equals.ts": "9e416114322012c9a21fa68e187637ce2d7df25bcbdbfd957cd639e65d3cf293",
    "https://deno.land/std@0.224.0/assert/assert_array_includes.ts": "14c5094471bc8e4a7895fc6aa5a184300d8a1879606574cb1cd715ef36a4a3c7",
    "https://deno.land/std@0.224.0/assert/assert_equals.ts": "3bbca947d85b9d374a108687b1a8ba3785a7850436b5a8930d81f34a32cb8c74",
    "https://deno.land/std@0.224.0/assert/assert_exists.ts": "43420cf7f956748ae6ed1230646567b3593cb7a36c5a5327269279c870c5ddfd",
    "https://deno.land/std@0.224.0/assert/assert_false.ts": "3e9be8e33275db00d952e9acb0cd29481a44fa0a4af6d37239ff58d79e8edeff",
    "https://deno.land/std@0.224.0/assert/assert_greater.ts": "5e57b201fd51b64ced36c828e3dfd773412c1a6120c1a5a99066c9b261974e46",
    "https://deno.land/std@0.224.0/assert/assert_greater_or_equal.ts": "9870030f997a08361b6f63400273c2fb1856f5db86c0c3852aab2a002e425c5b",
    "https://deno.land/std@0.224.0/assert/assert_instance_of.ts": "e22343c1fdcacfaea8f37784ad782683ec1cf599ae9b1b618954e9c22f376f2c",
    "https://deno.land/std@0.224.0/assert/assert_is_error.ts": "f856b3bc978a7aa6a601f3fec6603491ab6255118afa6baa84b04426dd3cc491",
    "https://deno.land/std@0.224.0/assert/assert_less.ts": "60b61e13a1982865a72726a5fa86c24fad7eb27c3c08b13883fb68882b307f68",
    "https://deno.land/std@0.224.0/assert/assert_less_or_equal.ts": "d2c84e17faba4afe085e6c9123a63395accf4f9e00150db899c46e67420e0ec3",
    "https://deno.land/std@0.224.0/assert/assert_match.ts": "ace1710dd3b2811c391946954234b5da910c5665aed817943d086d4d4871a8b7",
    "https://deno.land/std@0.224.0/assert/assert_not_equals.ts": "78d45dd46133d76ce624b2c6c09392f6110f0df9b73f911d20208a68dee2ef29",
    "https://deno.land/std@0.224.0/assert/assert_not_instance_of.ts": "3434a669b4d20cdcc5359779301a0588f941ffdc2ad68803c31eabdb4890cf7a",
    "https://deno.land/std@0.224.0/assert/assert_not_match.ts": "df30417240aa2d35b1ea44df7e541991348a063d9ee823430e0b58079a72242a",
    "https://deno.land/std@0.224.0/assert/assert_not_strict_equals.ts": "37f73880bd672709373d6dc2c5f148691119bed161f3020fff3548a0496f71b8",
    "https://deno.land/std@0.224.0/assert/assert_object_match.ts": "411450fd194fdaabc0089ae68f916b545a49d7b7e6d0026e84a54c9e7eed2693",
    "https://deno.land/std@0.224.0/assert/assert_rejects.ts": "4bee1d6d565a5b623146a14668da8f9eb1f026a4f338bbf92b37e43e0aa53c31",
    "https://deno.land/std@0.224.0/assert/assert_strict_equals.ts": "b4f45f0fd2e54d9029171876bd0b42dd9ed0efd8f853ab92a3f50127acfa54f5",
    "https://deno.land/std@0.224.0/assert/assert_string_includes.ts": "496b9ecad84deab72c8718735373feb6cdaa071eb91a98206f6f3cb4285e71b8",
    "https://deno.land/std@0.224.0/assert/assert_throws.ts": "c6508b2879d465898dab2798009299867e67c570d7d34c90a2d235e4553906eb",
    "https://deno.land/std@0.224.0/assert/assertion_error.ts": "ba8752bd27ebc51f723702fac2f54d3e94447598f54264a6653d6413738a8917",
    "https://deno.land/std@0.224.0/assert/equal.ts": "bddf07bb5fc718e10bb72d5dc2c36c1ce5a8bdd3b647069b6319e07af181ac47",
    "https://deno.land/std@0.224.0/assert/fail.ts": "0eba674ffb47dff083f02ced76d5130460bff1a9a68c6514ebe0cdea4abadb68",
    "https://deno.land/std@0.224.0/assert/mod.ts": "48b8cb8a619ea0b7958ad7ee9376500fe902284bb36f0e32c598c3dc34cbd6f3",
    "https://deno.land/std@0.224.0/assert/unimplemented.ts": "8c55a5793e9147b4f1ef68cd66496b7d5ba7a9e7ca30c6da070c1a58da723d73",
    "https://deno.land/std@0.224.0/assert/unreachable.ts": "5ae3dbf63ef988615b93eb08d395dda771c96546565f9e521ed86f6510c29e19",
    "https://deno.land/std@0.224.0/async/delay.ts": "f90dd685b97c2f142b8069082993e437b1602b8e2561134827eeb7c12b95c499",
    "https://deno.land/std@0.224.0/encoding/_util.ts": "beacef316c1255da9bc8e95afb1fa56ed69baef919c88dc06ae6cb7a6103d376",
    "https://deno.land/std@0.224.0/encoding/base64.ts": "dd59695391584c8ffc5a296ba82bcdba6dd8a84d41a6a539fbee8e5075286eaf",
    "https://deno.land/std@0.224.0/fmt/colors.ts": "508563c0659dd7198ba4bbf87e97f654af3c34eb56ba790260f252ad8012e1c5",
    "https://deno.land/std@0.224.0/http/server.ts": "f9313804bf6467a1704f45f76cb6cd0a3396a3b31c316035e6a4c2035d1ea514",
    "https://deno.land/std@0.224.0/internal/diff.ts": "6234a4b493ebe65dc67a18a0eb97ef683626a1166a1906232ce186ae9f65f4e6",
    "https://deno.land/std@0.224.0/internal/format.ts": "0a98ee226fd3d43450245b1844b47003419d34d210fa989900861c79820d21c2",
    "https://deno.land/std@0.224.0/internal/mod.ts": "534125398c8e7426183e12dc255bb635d94e06d0f93c60a297723abe69d3b22e",
    "https://deno.land/x/imagescript@1.3.0/ImageScript.js": "cf90773c966031edd781ed176c598f7ed495e7694cd9b86c986d2d97f783cca0",
    "https://deno.land/x/imagescript@1.3.0/mod.ts": "18a6cb83c55e690c873505f6fe867364c678afb64934fe7aef593a6b92f79995",
    "https://deno.land/x/imagescript@1.3.0/png/src/crc.mjs": "5cf50de181d61dd00e66a240d811018ba5070afa8bba302f393604404604de84",
    "https://deno.land/x/imagescript@1.3.0/png/src/mem.mjs": "4968d400dae069b4bf0ef4767c1802fd2cc7d15d90eda4cfadf5b4cd19b96c6d",
    "https://deno.land/x/imagescript@1.3.0/png/src/png.mjs": "96ef0ceff1b5a6cd9304749e5f187b4ab238509fb5f9a8be8ee934240271ed8d",
    "https://deno.land/x/imagescript@1.3.0/png/src/zlib.mjs": "9867dc3fab1d31b664f9344b0d7e977f493d9c912a76c760d012ed2b89f7061c",
    "https://deno.land/x/imagescript@1.3.0/utils/buffer.js": "952cb1beb8827e50a493a5d1f29a4845e8c648789406d389dd51f51205ba02d8",
    "https://deno.land/x/imagescript@1.3.0/utils/crc32.js": "573d6222b3605890714ebc374e687ec2aa3e9a949223ea199483e47ca4864f7d",
    "https://deno.land/x/imagescript@1.3.0/utils/png.js": "fbed9117e0a70602645d70df9c103ff6e79c03e987bd5c1685dcb4200729b6de",
    "https://deno.land/x/imagescript@1.3.0/utils/wasm/font.js": "9e75d842608c057045698d6a7cdf5ffd27241b5cdea0391c89a1917b31294524",
    "https://deno.land/x/imagescript@1.3.0/utils/wasm/gif.js": "8b86f7b96486bb8ff50fbc7c7487f86cb5cef85e6acd71e1def78a1aa2f12e4f",
    "https://deno.land/x/imagescript@1.3.0/utils/wasm/jpeg.js": "75295e2fcf96b4f7bb894b3844fdaa8140d63169d28b466b5d5be89d59a7b6e6",
    "https://deno.land/x/imagescript@1.3.0/utils/wasm/png.js": "0659536a8dd8f892c8346e268b2754b4414fad0ec1e9794dfcde1ba1c804ee02",
    "https://deno.land/x/imagescript@1.3.0/utils/wasm/svg.js": "f5c8a9d1977b51a7c07549ceb6bbbaca9497321a193f28b3dc229a42d91bcf14",
    "https://deno.land/x/imagescript@1.3.0/utils/wasm/tiff.js": "c2d7bdaef094df25aae1752e75167f485e89275d76a1379e39d8949580b7af4f",
    "https://deno.land/x/imagescript@1.3.0/utils/wasm/zlib.js": "749875f83abffe24d3b977475a0cbd5f9b52bee1fbdbef61ec183cbfc17805f6",
    "https://deno.land/x/imagescript@1.3.0/v2/framebuffer.mjs": "add44ff184636659714b3c6d4b896f628545451abffbc30b5bcc2e8d9a73d012",
    "https://deno.land/x/imagescript@1.3.0/v2/ops/blur.mjs": "80716f1ffab8a2aeb54a036f583bf51a2b9dd37e005adc000add803df8e8a12f",
    "https://deno.land/x/imagescript@1.3.0/v2/ops/color.mjs": "5e72cdcbf97dc939a2795223f01e3cb0544c0c56b03ea2aa026050df58348814",
    "https://deno.land/x/imagescript@1.3.0/v2/ops/crop.mjs": "69431fa6f687fd9f0c31eff0ec27d7ac925275005e53a37f0c3fab4cc4d9a9ea",
    "https://deno.land/x/imagescript@1.3.0/v2/ops/fill.mjs": "cf1b9488314753fbc9ebf03410ac74c2a34ea5a69fb6892cd6e8366cd1930d93",
    "https://deno.land/x/imagescript@1.3.0/v2/ops/flip.mjs": "825a34a66567dcf15e76a719f1bf2f66fb106503cd69942292b1b0ae05c5718e",
    "https://deno.land/x/imagescript@1.3.0/v2/ops/index.mjs": "423ba687119be2bba8cec72890577d3afa3621b6b8108912242fe937a183f2aa",
    "https://deno.land/x/imagescript@1.3.0/v2/ops/iterator.mjs": "c2adf3d90ce00719a02c48c97634574176a3501ff026676259bd71aa8f5d69b9",
    "https://deno.land/x/imagescript@1.3.0/v2/ops/overlay.mjs": "7e6e2c2ffd25006d52597ab8babc5f8f503d388a3fdf2fbc0eaea02799a020c9",
    "https://deno.land/x/imagescript@1.3.0/v2/ops/resize.mjs": "814e78ebce8eaf8f1f918688db7b52a141405e06a36ed4b25d04413d69e7d17b",
    "https://deno.land/x/imagescript@1.3.0/v2/ops/rotate.mjs": "a1b65616717bd2eed8db406affea3263b4674dada46b56441ef38167a187455d",
    "https://deno.land/x/imagescript@1.3.0/v2/util/mem.mjs": "4968d400dae069b4bf0ef4767c1802fd2cc7d15d90eda4cfadf5b4cd19b96c6d",
    "https://esm.sh/@google/genai@1.34.0/deno/genai.mjs": "d9b5433b25b1e3397f97a8f341357a4a5edb16f046a52146d7e2756b4486e6b1",
    "https://esm.sh/@google/genai@1.34.0?target=deno": "a57e60866c9ef3763a39b844feca05d6165d4cb4520ac296c043eaec9bccd83a",
    "https://esm.sh/@google/generative-ai@0.21.0?target=deno": "93c5456cd7f1394c8a822dd7468161f3e72aeb429bf2160ba82162a6a02ca3be",
    "https://esm.sh/@supabase/supabase-js@2.88.0": "970ab311466eae157789aad084936f7441312963198b2a7e0b7926ad32f96b9d",
    "https://esm.sh/undici-types@7.10.0/handlers": "fabf6997a3adf11e45d11e3c4d58d0634ab98f9d72f3116f3694123818ccd457",
    "https://esm.sh/undici-types@7.10.0/retry-handler": "fabf6997a3adf11e45d11e3c4d58d0634ab98f9d72f3116f3694123818ccd457",
    "https://esm.sh/undici-types@7.16.0/handlers": "fabf6997a3adf11e45d11e3c4d58d0634ab98f9d72f3116f3694123818ccd457",
    "https://esm.sh/undici-types@7.16.0/retry-handler": "fabf6997a3adf11e45d11e3c4d58d0634ab98f9d72f3116f3694123818ccd457",
    "https://esm.sh/undici-types@7.24.0/handlers": "fabf6997a3adf11e45d11e3c4d58d0634ab98f9d72f3116f3694123818ccd457",
    "https://esm.sh/undici-types@7.24.0/retry-handler": "fabf6997a3adf11e45d11e3c4d58d0634ab98f9d72f3116f3694123818ccd457"
  },
  "workspace": {
    "packageJson": {
      "dependencies": [
        "npm:@babel/plugin-transform-template-literals@^7.27.1",
        "npm:@cspell/dict-fr-fr@^2.3.2",
        "npm:@expo-google-fonts/fraunces@~0.4.1",
        "npm:@expo-google-fonts/lora@~0.4.2",
        "npm:@expo-google-fonts/space-grotesk@~0.4.1",
        "npm:@expo/app-integrity@57.0",
        "npm:@expo/vector-icons@^15.0.3",
        "npm:@legendapp/list@^2.0.16",
        "npm:@react-native-async-storage/async-storage@2.2.0",
        "npm:@react-native-community/datetimepicker@9.1.0",
        "npm:@react-native-google-signin/google-signin@^16.1.2",
        "npm:@react-native-masked-view/masked-view@~0.3.2",
        "npm:@react-native/jest-preset@0.86",
        "npm:@shopify/flash-list@2.0.2",
        "npm:@supabase/supabase-js@^2.45.4",
        "npm:@testing-library/dom@^10.4.1",
        "npm:@testing-library/react-native@^13.3.3",
        "npm:@testing-library/react@^16.3.0",
        "npm:@types/jest@^29.5.14",
        "npm:@types/react@~19.2.10",
        "npm:@vercel/analytics@^1.6.1",
        "npm:@vercel/speed-insights@^1.3.1",
        "npm:@vitest/coverage-v8@^4.0.13",
        "npm:cspell-lib@^9.4.0",
        "npm:eslint-config-expo@57.0",
        "npm:eslint@^9.25.0",
        "npm:expo-asset@~57.0.3",
        "npm:expo-audio@57.0",
        "npm:expo-blur@57.0",
        "npm:expo-build-properties@~57.0.3",
        "npm:expo-camera@~57.0.1",
        "npm:expo-constants@~57.0.3",
        "npm:expo-crypto@57.0",
        "npm:expo-dev-client@~57.0.5",
        "npm:expo-file-system@57.0",
        "npm:expo-font@57.0",
        "npm:expo-haptics@57.0",
        "npm:expo-image-manipulator@~57.0.2",
        "npm:expo-image-picker@~57.0.2",
        "npm:expo-image@57.0",
        "npm:expo-intent-launcher@57.0",
        "npm:expo-linear-gradient@57.0",
        "npm:expo-linking@~57.0.2",
        "npm:expo-localization@57.0",
        "npm:expo-mcp@~0.2.1",
        "npm:expo-network@57.0",
        "npm:expo-notifications@~57.0.3",
        "npm:expo-router@~57.0.4",
        "npm:expo-secure-store@57.0",
        "npm:expo-sharing@~57.0.3",
        "npm:expo-speech-recognition@3",
        "npm:expo-speech@57.0",
        "npm:expo-splash-screen@~57.0.2",
        "npm:expo-sqlite@57.0",
        "npm:expo-symbols@57.0",
        "npm:expo-system-ui@57.0",
        "npm:expo-updates@~57.0.6",
        "npm:expo-web-browser@57.0",
        "npm:expo@57",
        "npm:happy-dom@^20.0.10",
        "npm:jest-environment-jsdom@^30.2.0",
        "npm:jest-expo@~57.0.1",
        "npm:jest@^29.7.0",
        "npm:jsdom@^27.2.0",
        "npm:moti@0.30",
        "npm:pg@^8.20.0",
        "npm:playwright@^1.58.2",
        "npm:react-dom@19.2.3",
        "npm:react-native-edge-to-edge@^1.7.0",
        "npm:react-native-gesture-handler@2.32",
        "npm:react-native-gifted-charts@^1.4.64",
        "npm:react-native-keyboard-controller@1.21.9",
        "npm:react-native-markdown-display@7.0.2",
        "npm:react-native-purchases-ui@^9.6.7",
        "npm:react-native-purchases@^9.6.7",
        "npm:react-native-reanimated@4.5.0",
        "npm:react-native-safe-area-context@5.7",
        "npm:react-native-screens@4.25.2",
        "npm:react-native-svg@15.15.4",
        "npm:react-native-url-polyfill@3",
        "npm:react-native-view-shot@5.1.0",
        "npm:react-native-web@0.21",
        "npm:react-native-worklets@0.10.0",
        "npm:react-native@0.86.0",
        "npm:react-test-renderer@^19.2.0",
        "npm:react@19.2.3",
        "npm:sharp@~0.34.5",
        "npm:supabase@^2.54.11",
        "npm:typescript@~6.0.3",
        "npm:vite-tsconfig-paths@^5.1.1",
        "npm:vitest@^4.0.13",
        "npm:workbox-cli@7"
      ],
      "overrides": {
        "markdown-it": "14.3.0",
        "tmp": "0.2.7"
      }
    }
  }
}
